Microsoft Visual Studio Solution File, Format Version 12.00
# Visual Studio Version 17
VisualStudioVersion = 17.8.0.0
MinimumVisualStudioVersion = 17.8.0.0
Project("{9A19103F-16F7-4668-BE54-9A1E7A4F7556}") = "Sample.AppHost", "Sample.AppHost\Sample.AppHost.csproj", "{3535E8A7-A0BC-495A-9396-FDF491E228AF}"
EndProject
Project("{9A19103F-16F7-4668-BE54-9A1E7A4F7556}") = "Sample.ServiceDefaults", "Sample.ServiceDefaults\Sample.ServiceDefaults.csproj", "{4FFA4A89-8273-4E7A-94F7-1061619CB344}"
EndProject
Project("{9A19103F-16F7-4668-BE54-9A1E7A4F7556}") = "Sample.ApiService", "Sample.ApiService\Sample.ApiService.csproj", "{30867AE4-4AC1-4460-A3E6-50997237DC66}"
EndProject
Project("{9A19103F-16F7-4668-BE54-9A1E7A4F7556}") = "Sample.Web", "Sample.Web\Sample.Web.csproj", "{79406F4C-2756-4E70-AD0F-8D835332DBE5}"
EndProject
Global
	GlobalSection(SolutionConfigurationPlatforms) = preSolution
		Debug|Any CPU = Debug|Any CPU
		Release|Any CPU = Release|Any CPU
	EndGlobalSection
	GlobalSection(ProjectConfigurationPlatforms) = postSolution
		{3535E8A7-A0BC-495A-9396-FDF491E228AF}.Debug|Any CPU.ActiveCfg = Debug|Any CPU
		{3535E8A7-A0BC-495A-9396-FDF491E228AF}.Debug|Any CPU.Build.0 = Debug|Any CPU
		{3535E8A7-A0BC-495A-9396-FDF491E228AF}.Release|Any CPU.ActiveCfg = Release|Any CPU
		{3535E8A7-A0BC-495A-9396-FDF491E228AF}.Release|Any CPU.Build.0 = Release|Any CPU
		{4FFA4A89-8273-4E7A-94F7-1061619CB344}.Debug|Any CPU.ActiveCfg = Debug|Any CPU
		{4FFA4A89-8273-4E7A-94F7-1061619CB344}.Debug|Any CPU.Build.0 = Debug|Any CPU
		{4FFA4A89-8273-4E7A-94F7-1061619CB344}.Release|Any CPU.ActiveCfg = Release|Any CPU
		{4FFA4A89-8273-4E7A-94F7-1061619CB344}.Release|Any CPU.Build.0 = Release|Any CPU
		{30867AE4-4AC1-4460-A3E6-50997237DC66}.Debug|Any CPU.ActiveCfg = Debug|Any CPU
		{30867AE4-4AC1-4460-A3E6-50997237DC66}.Debug|Any CPU.Build.0 = Debug|Any CPU
		{30867AE4-4AC1-4460-A3E6-50997237DC66}.Release|Any CPU.ActiveCfg = Release|Any CPU
		{30867AE4-4AC1-4460-A3E6-50997237DC66}.Release|Any CPU.Build.0 = Release|Any CPU
		{79406F4C-2756-4E70-AD0F-8D835332DBE5}.Debug|Any CPU.ActiveCfg = Debug|Any CPU
		{79406F4C-2756-4E70-AD0F-8D835332DBE5}.Debug|Any CPU.Build.0 = Debug|Any CPU
		{79406F4C-2756-4E70-AD0F-8D835332DBE5}.Release|Any CPU.ActiveCfg = Release|Any CPU
		{79406F4C-2756-4E70-AD0F-8D835332DBE5}.Release|Any CPU.Build.0 = Release|Any CPU
	EndGlobalSection
	GlobalSection(SolutionProperties) = preSolution
		HideSolutionNode = FALSE
	EndGlobalSection
	GlobalSection(ExtensibilityGlobals) = postSolution
		SolutionGuid = {DA81360B-2B4D-4D22-9D7F-E023D81BB83E}
	EndGlobalSection
EndGlobal
